// !$*UTF8*$!
{
	archiveVersion = 1;
	classes = {
	};
	objectVersion = 56;
	objects = {

/* Begin PBXBuildFile section */
		306680E12A279DD300DD318A /* AppDelegate.swift in Sources */ = {isa = PBXBuildFile; fileRef = 306680E02A279DD300DD318A /* AppDelegate.swift */; };
		306680E32A279DD300DD318A /* SceneDelegate.swift in Sources */ = {isa = PBXBuildFile; fileRef = 306680E22A279DD300DD318A /* SceneDelegate.swift */; };
		306680E52A279DD300DD318A /* CardsViewController.swift in Sources */ = {isa = PBXBuildFile; fileRef = 306680E42A279DD300DD318A /* CardsViewController.swift */; };
		306680EA2A279DD500DD318A /* Assets.xcassets in Resources */ = {isa = PBXBuildFile; fileRef = 306680E92A279DD500DD318A /* Assets.xcassets */; };
		306680ED2A279DD500DD318A /* LaunchScreen.storyboard in Resources */ = {isa = PBXBuildFile; fileRef = 306680EB2A279DD500DD318A /* LaunchScreen.storyboard */; };
		306680F52A279EEC00DD318A /* CardsViewModel.swift in Sources */ = {isa = PBXBuildFile; fileRef = 306680F42A279EEC00DD318A /* CardsViewModel.swift */; };
		306680F72A279F0200DD318A /* CardCell.swift in Sources */ = {isa = PBXBuildFile; fileRef = 306680F62A279F0200DD318A /* CardCell.swift */; };
		306680F92A279F5300DD318A /* Cards.swift in Sources */ = {isa = PBXBuildFile; fileRef = 306680F82A279F5300DD318A /* Cards.swift */; };
		306680FB2A27A00200DD318A /* Networking.swift in Sources */ = {isa = PBXBuildFile; fileRef = 306680FA2A27A00200DD318A /* Networking.swift */; };
		306680FD2A27B52B00DD318A /* CardDetailViewController.swift in Sources */ = {isa = PBXBuildFile; fileRef = 306680FC2A27B52B00DD318A /* CardDetailViewController.swift */; };
		306680FF2A27B73D00DD318A /* CardDetailViewModel.swift in Sources */ = {isa = PBXBuildFile; fileRef = 306680FE2A27B73D00DD318A /* CardDetailViewModel.swift */; };
		3066810A2A27CD7A00DD318A /* NetworkConstants.swift in Sources */ = {isa = PBXBuildFile; fileRef = 306681092A27CD7A00DD318A /* NetworkConstants.swift */; };
		306681122A2851D900DD318A /* CardDetailViewModelTests.swift in Sources */ = {isa = PBXBuildFile; fileRef = 306681112A2851D900DD318A /* CardDetailViewModelTests.swift */; };
		306681192A28536B00DD318A /* CardsViewModelTests.swift in Sources */ = {isa = PBXBuildFile; fileRef = 306681182A28536B00DD318A /* CardsViewModelTests.swift */; };
/* End PBXBuildFile section */

/* Begin PBXContainerItemProxy section */
		306681132A2851D900DD318A /* PBXContainerItemProxy */ = {
			isa = PBXContainerItemProxy;
			containerPortal = 306680D52A279DD300DD318A /* Project object */;
			proxyType = 1;
			remoteGlobalIDString = 306680DC2A279DD300DD318A;
			remoteInfo = CardsApp;
		};
/* End PBXContainerItemProxy section */

/* Begin PBXFileReference section */
		306680DD2A279DD300DD318A /* CardsApp.app */ = {isa = PBXFileReference; explicitFileType = wrapper.application; includeInIndex = 0; path = CardsApp.app; sourceTree = BUILT_PRODUCTS_DIR; };
		306680E02A279DD300DD318A /* AppDelegate.swift */ = {isa = PBXFileReference; lastKnownFileType = sourcecode.swift; path = AppDelegate.swift; sourceTree = "<group>"; };
		306680E22A279DD300DD318A /* SceneDelegate.swift */ = {isa = PBXFileReference; lastKnownFileType = sourcecode.swift; path = SceneDelegate.swift; sourceTree = "<group>"; };
		306680E42A279DD300DD318A /* CardsViewController.swift */ = {isa = PBXFileReference; lastKnownFileType = sourcecode.swift; path = CardsViewController.swift; sourceTree = "<group>"; };
		306680E92A279DD500DD318A /* Assets.xcassets */ = {isa = PBXFileReference; lastKnownFileType = folder.assetcatalog; path = Assets.xcassets; sourceTree = "<group>"; };
		306680EC2A279DD500DD318A /* Base */ = {isa = PBXFileReference; lastKnownFileType = file.storyboard; name = Base; path = Base.lproj/LaunchScreen.storyboard; sourceTree = "<group>"; };
		306680EE2A279DD500DD318A /* Info.plist */ = {isa = PBXFileReference; lastKnownFileType = text.plist.xml; path = Info.plist; sourceTree = "<group>"; };
		306680F42A279EEC00DD318A /* CardsViewModel.swift */ = {isa = PBXFileReference; lastKnownFileType = sourcecode.swift; path = CardsViewModel.swift; sourceTree = "<group>"; };
		306680F62A279F0200DD318A /* CardCell.swift */ = {isa = PBXFileReference; lastKnownFileType = sourcecode.swift; path = CardCell.swift; sourceTree = "<group>"; };
		306680F82A279F5300DD318A /* Cards.swift */ = {isa = PBXFileReference; lastKnownFileType = sourcecode.swift; path = Cards.swift; sourceTree = "<group>"; };
		306680FA2A27A00200DD318A /* Networking.swift */ = {isa = PBXFileReference; lastKnownFileType = sourcecode.swift; path = Networking.swift; sourceTree = "<group>"; };
		306680FC2A27B52B00DD318A /* CardDetailViewController.swift */ = {isa = PBXFileReference; lastKnownFileType = sourcecode.swift; path = CardDetailViewController.swift; sourceTree = "<group>"; };
		306680FE2A27B73D00DD318A /* CardDetailViewModel.swift */ = {isa = PBXFileReference; lastKnownFileType = sourcecode.swift; path = CardDetailViewModel.swift; sourceTree = "<group>"; };
		306681092A27CD7A00DD318A /* NetworkConstants.swift */ = {isa = PBXFileReference; lastKnownFileType = sourcecode.swift; path = NetworkConstants.swift; sourceTree = "<group>"; };
		3066810F2A2851D900DD318A /* CardsAppTests.xctest */ = {isa = PBXFileReference; explicitFileType = wrapper.cfbundle; includeInIndex = 0; path = CardsAppTests.xctest; sourceTree = BUILT_PRODUCTS_DIR; };
		306681112A2851D900DD318A /* CardDetailViewModelTests.swift */ = {isa = PBXFileReference; lastKnownFileType = sourcecode.swift; path = CardDetailViewModelTests.swift; sourceTree = "<group>"; };
		306681182A28536B00DD318A /* CardsViewModelTests.swift */ = {isa = PBXFileReference; lastKnownFileType = sourcecode.swift; path = CardsViewModelTests.swift; sourceTree = "<group>"; };
/* End PBXFileReference section */

/* Begin PBXFrameworksBuildPhase section */
		306680DA2A279DD300DD318A /* Frameworks */ = {
			isa = PBXFrameworksBuildPhase;
			buildActionMask = 2147483647;
			files = (
			);
			runOnlyForDeploymentPostprocessing = 0;
		};
		3066810C2A2851D900DD318A /* Frameworks */ = {
			isa = PBXFrameworksBuildPhase;
			buildActionMask = 2147483647;
			files = (
			);
			runOnlyForDeploymentPostprocessing = 0;
		};
/* End PBXFrameworksBuildPhase section */

/* Begin PBXGroup section */
		306680D42A279DD300DD318A = {
			isa = PBXGroup;
			children = (
				306680DF2A279DD300DD318A /* CardsApp */,
				306681102A2851D900DD318A /* CardsAppTests */,
				306680DE2A279DD300DD318A /* Products */,
			);
			sourceTree = "<group>";
		};
		306680DE2A279DD300DD318A /* Products */ = {
			isa = PBXGroup;
			children = (
				306680DD2A279DD300DD318A /* CardsApp.app */,
				3066810F2A2851D900DD318A /* CardsAppTests.xctest */,
			);
			name = Products;
			sourceTree = "<group>";
		};
		306680DF2A279DD300DD318A /* CardsApp */ = {
			isa = PBXGroup;
			children = (
				306681062A27CAF400DD318A /* ViewModels */,
				306680F62A279F0200DD318A /* CardCell.swift */,
				306681022A27CA3800DD318A /* Model */,
				306681032A27CA5200DD318A /* CardsList */,
				306681042A27CA5A00DD318A /* CardsDetail */,
				306681002A27CA1800DD318A /* Service */,
				306681082A27CBF400DD318A /* Files */,
			);
			path = CardsApp;
			sourceTree = "<group>";
		};
		306681002A27CA1800DD318A /* Service */ = {
			isa = PBXGroup;
			children = (
				306680FA2A27A00200DD318A /* Networking.swift */,
				306681092A27CD7A00DD318A /* NetworkConstants.swift */,
			);
			path = Service;
			sourceTree = "<group>";
		};
		306681022A27CA3800DD318A /* Model */ = {
			isa = PBXGroup;
			children = (
				306680F82A279F5300DD318A /* Cards.swift */,
			);
			path = Model;
			sourceTree = "<group>";
		};
		306681032A27CA5200DD318A /* CardsList */ = {
			isa = PBXGroup;
			children = (
				306680E42A279DD300DD318A /* CardsViewController.swift */,
			);
			path = CardsList;
			sourceTree = "<group>";
		};
		306681042A27CA5A00DD318A /* CardsDetail */ = {
			isa = PBXGroup;
			children = (
				306680FC2A27B52B00DD318A /* CardDetailViewController.swift */,
			);
			path = CardsDetail;
			sourceTree = "<group>";
		};
		306681062A27CAF400DD318A /* ViewModels */ = {
			isa = PBXGroup;
			children = (
				306680F42A279EEC00DD318A /* CardsViewModel.swift */,
				306680FE2A27B73D00DD318A /* CardDetailViewModel.swift */,
			);
			path = ViewModels;
			sourceTree = "<group>";
		};
		306681082A27CBF400DD318A /* Files */ = {
			isa = PBXGroup;
			children = (
				306680E02A279DD300DD318A /* AppDelegate.swift */,
				306680E22A279DD300DD318A /* SceneDelegate.swift */,
				306680E92A279DD500DD318A /* Assets.xcassets */,
				306680EB2A279DD500DD318A /* LaunchScreen.storyboard */,
				306680EE2A279DD500DD318A /* Info.plist */,
			);
			name = Files;
			sourceTree = "<group>";
		};
		306681102A2851D900DD318A /* CardsAppTests */ = {
			isa = PBXGroup;
			children = (
				306681112A2851D900DD318A /* CardDetailViewModelTests.swift */,
				306681182A28536B00DD318A /* CardsViewModelTests.swift */,
			);
			path = CardsAppTests;
			sourceTree = "<group>";
		};
/* End PBXGroup section */

/* Begin PBXNativeTarget section */
		306680DC2A279DD300DD318A /* CardsApp */ = {
			isa = PBXNativeTarget;
			buildConfigurationList = 306680F12A279DD500DD318A /* Build configuration list for PBXNativeTarget "CardsApp" */;
			buildPhases = (
				306680D92A279DD300DD318A /* Sources */,
				306680DA2A279DD300DD318A /* Frameworks */,
				306680DB2A279DD300DD318A /* Resources */,
			);
			buildRules = (
			);
			dependencies = (
			);
			name = CardsApp;
			productName = CardsApp;
			productReference = 306680DD2A279DD300DD318A /* CardsApp.app */;
			productType = "com.apple.product-type.application";
		};
		3066810E2A2851D900DD318A /* CardsAppTests */ = {
			isa = PBXNativeTarget;
			buildConfigurationList = 306681152A2851D900DD318A /* Build configuration list for PBXNativeTarget "CardsAppTests" */;
			buildPhases = (
				3066810B2A2851D900DD318A /* Sources */,
				3066810C2A2851D900DD318A /* Frameworks */,
				3066810D2A2851D900DD318A /* Resources */,
			);
			buildRules = (
			);
			dependencies = (
				306681142A2851D900DD318A /* PBXTargetDependency */,
			);
			name = CardsAppTests;
			productName = CardsAppTests;
			productReference = 3066810F2A2851D900DD318A /* CardsAppTests.xctest */;
			productType = "com.apple.product-type.bundle.unit-test";
		};
/* End PBXNativeTarget section */

/* Begin PBXProject section */
		306680D52A279DD300DD318A /* Project object */ = {
			isa = PBXProject;
			attributes = {
				BuildIndependentTargetsInParallel = 1;
				LastSwiftUpdateCheck = 1430;
				LastUpgradeCheck = 1430;
				TargetAttributes = {
					306680DC2A279DD300DD318A = {
						CreatedOnToolsVersion = 14.3;
					};
					3066810E2A2851D900DD318A = {
						CreatedOnToolsVersion = 14.3;
						TestTargetID = 306680DC2A279DD300DD318A;
					};
				};
			};
			buildConfigurationList = 306680D82A279DD300DD318A /* Build configuration list for PBXProject "CardsApp" */;
			compatibilityVersion = "Xcode 14.0";
			developmentRegion = en;
			hasScannedForEncodings = 0;
			knownRegions = (
				en,
				Base,
			);
			mainGroup = 306680D42A279DD300DD318A;
			productRefGroup = 306680DE2A279DD300DD318A /* Products */;
			projectDirPath = "";
			projectRoot = "";
			targets = (
				306680DC2A279DD300DD318A /* CardsApp */,
				3066810E2A2851D900DD318A /* CardsAppTests */,
			);
		};
/* End PBXProject section */

/* Begin PBXResourcesBuildPhase section */
		306680DB2A279DD300DD318A /* Resources */ = {
			isa = PBXResourcesBuildPhase;
			buildActionMask = 2147483647;
			files = (
				306680ED2A279DD500DD318A /* LaunchScreen.storyboard in Resources */,
				306680EA2A279DD500DD318A /* Assets.xcassets in Resources */,
			);
			runOnlyForDeploymentPostprocessing = 0;
		};
		3066810D2A2851D900DD318A /* Resources */ = {
			isa = PBXResourcesBuildPhase;
			buildActionMask = 2147483647;
			files = (
			);
			runOnlyForDeploymentPostprocessing = 0;
		};
/* End PBXResourcesBuildPhase section */

/* Begin PBXSourcesBuildPhase section */
		306680D92A279DD300DD318A /* Sources */ = {
			isa = PBXSourcesBuildPhase;
			buildActionMask = 2147483647;
			files = (
				306680F72A279F0200DD318A /* CardCell.swift in Sources */,
				306680F52A279EEC00DD318A /* CardsViewModel.swift in Sources */,
				3066810A2A27CD7A00DD318A /* NetworkConstants.swift in Sources */,
				306680FF2A27B73D00DD318A /* CardDetailViewModel.swift in Sources */,
				306680E52A279DD300DD318A /* CardsViewController.swift in Sources */,
				306680F92A279F5300DD318A /* Cards.swift in Sources */,
				306680E12A279DD300DD318A /* AppDelegate.swift in Sources */,
				306680FD2A27B52B00DD318A /* CardDetailViewController.swift in Sources */,
				306680E32A279DD300DD318A /* SceneDelegate.swift in Sources */,
				306680FB2A27A00200DD318A /* Networking.swift in Sources */,
			);
			runOnlyForDeploymentPostprocessing = 0;
		};
		3066810B2A2851D900DD318A /* Sources */ = {
			isa = PBXSourcesBuildPhase;
			buildActionMask = 2147483647;
			files = (
				306681192A28536B00DD318A /* CardsViewModelTests.swift in Sources */,
				306681122A2851D900DD318A /* CardDetailViewModelTests.swift in Sources */,
			);
			runOnlyForDeploymentPostprocessing = 0;
		};
/* End PBXSourcesBuildPhase section */

/* Begin PBXTargetDependency section */
		306681142A2851D900DD318A /* PBXTargetDependency */ = {
			isa = PBXTargetDependency;
			target = 306680DC2A279DD300DD318A /* CardsApp */;
			targetProxy = 306681132A2851D900DD318A /* PBXContainerItemProxy */;
		};
/* End PBXTargetDependency section */

/* Begin PBXVariantGroup section */
		306680EB2A279DD500DD318A /* LaunchScreen.storyboard */ = {
			isa = PBXVariantGroup;
			children = (
				306680EC2A279DD500DD318A /* Base */,
			);
			name = LaunchScreen.storyboard;
			sourceTree = "<group>";
		};
/* End PBXVariantGroup section */

/* Begin XCBuildConfiguration section */
		306680EF2A279DD500DD318A /* Debug */ = {
			isa = XCBuildConfiguration;
			buildSettings = {
				ALWAYS_SEARCH_USER_PATHS = NO;
				CLANG_ANALYZER_NONNULL = YES;
				CLANG_ANALYZER_NUMBER_OBJECT_CONVERSION = YES_AGGRESSIVE;
				CLANG_CXX_LANGUAGE_STANDARD = "gnu++20";
				CLANG_ENABLE_MODULES = YES;
				CLANG_ENABLE_OBJC_ARC = YES;
				CLANG_ENABLE_OBJC_WEAK = YES;
				CLANG_WARN_BLOCK_CAPTURE_AUTORELEASING = YES;
				CLANG_WARN_BOOL_CONVERSION = YES;
				CLANG_WARN_COMMA = YES;
				CLANG_WARN_CONSTANT_CONVERSION = YES;
				CLANG_WARN_DEPRECATED_OBJC_IMPLEMENTATIONS = YES;
				CLANG_WARN_DIRECT_OBJC_ISA_USAGE = YES_ERROR;
				CLANG_WARN_DOCUMENTATION_COMMENTS = YES;
				CLANG_WARN_EMPTY_BODY = YES;
				CLANG_WARN_ENUM_CONVERSION = YES;
				CLANG_WARN_INFINITE_RECURSION = YES;
				CLANG_WARN_INT_CONVERSION = YES;
				CLANG_WARN_NON_LITERAL_NULL_CONVERSION = YES;
				CLANG_WARN_OBJC_IMPLICIT_RETAIN_SELF = YES;
				CLANG_WARN_OBJC_LITERAL_CONVERSION = YES;
				CLANG_WARN_OBJC_ROOT_CLASS = YES_ERROR;
				CLANG_WARN_QUOTED_INCLUDE_IN_FRAMEWORK_HEADER = YES;
				CLANG_WARN_RANGE_LOOP_ANALYSIS = YES;
				CLANG_WARN_STRICT_PROTOTYPES = YES;
				CLANG_WARN_SUSPICIOUS_MOVE = YES;
				CLANG_WARN_UNGUARDED_AVAILABILITY = YES_AGGRESSIVE;
				CLANG_WARN_UNREACHABLE_CODE = YES;
				CLANG_WARN__DUPLICATE_METHOD_MATCH = YES;
				COPY_PHASE_STRIP = NO;
				DEBUG_INFORMATION_FORMAT = dwarf;
				ENABLE_STRICT_OBJC_MSGSEND = YES;
				ENABLE_TESTABILITY = YES;
				GCC_C_LANGUAGE_STANDARD = gnu11;
				GCC_DYNAMIC_NO_PIC = NO;
				GCC_NO_COMMON_BLOCKS = YES;
				GCC_OPTIMIZATION_LEVEL = 0;
				GCC_PREPROCESSOR_DEFINITIONS = (
					"DEBUG=1",
					"$(inherited)",
				);
				GCC_WARN_64_TO_32_BIT_CONVERSION = YES;
				GCC_WARN_ABOUT_RETURN_TYPE = YES_ERROR;
				GCC_WARN_UNDECLARED_SELECTOR = YES;
				GCC_WARN_UNINITIALIZED_AUTOS = YES_AGGRESSIVE;
				GCC_WARN_UNUSED_FUNCTION = YES;
				GCC_WARN_UNUSED_VARIABLE = YES;
				IPHONEOS_DEPLOYMENT_TARGET = 16.4;
				MTL_ENABLE_DEBUG_INFO = INCLUDE_SOURCE;
				MTL_FAST_MATH = YES;
				ONLY_ACTIVE_ARCH = YES;
				SDKROOT = iphoneos;
				SWIFT_ACTIVE_COMPILATION_CONDITIONS = DEBUG;
				SWIFT_OPTIMIZATION_LEVEL = "-Onone";
			};
			name = Debug;
		};
		306680F02A279DD500DD318A /* Release */ = {
			isa = XCBuildConfiguration;
			buildSettings = {
				ALWAYS_SEARCH_USER_PATHS = NO;
				CLANG_ANALYZER_NONNULL = YES;
				CLANG_ANALYZER_NUMBER_OBJECT_CONVERSION = YES_AGGRESSIVE;
				CLANG_CXX_LANGUAGE_STANDARD = "gnu++20";
				CLANG_ENABLE_MODULES = YES;
				CLANG_ENABLE_OBJC_ARC = YES;
				CLANG_ENABLE_OBJC_WEAK = YES;
				CLANG_WARN_BLOCK_CAPTURE_AUTORELEASING = YES;
				CLANG_WARN_BOOL_CONVERSION = YES;
				CLANG_WARN_COMMA = YES;
				CLANG_WARN_CONSTANT_CONVERSION = YES;
				CLANG_WARN_DEPRECATED_OBJC_IMPLEMENTATIONS = YES;
				CLANG_WARN_DIRECT_OBJC_ISA_USAGE = YES_ERROR;
				CLANG_WARN_DOCUMENTATION_COMMENTS = YES;
				CLANG_WARN_EMPTY_BODY = YES;
				CLANG_WARN_ENUM_CONVERSION = YES;
				CLANG_WARN_INFINITE_RECURSION = YES;
				CLANG_WARN_INT_CONVERSION = YES;
				CLANG_WARN_NON_LITERAL_NULL_CONVERSION = YES;
				CLANG_WARN_OBJC_IMPLICIT_RETAIN_SELF = YES;
				CLANG_WARN_OBJC_LITERAL_CONVERSION = YES;
				CLANG_WARN_OBJC_ROOT_CLASS = YES_ERROR;
				CLANG_WARN_QUOTED_INCLUDE_IN_FRAMEWORK_HEADER = YES;
				CLANG_WARN_RANGE_LOOP_ANALYSIS = YES;
				CLANG_WARN_STRICT_PROTOTYPES = YES;
				CLANG_WARN_SUSPICIOUS_MOVE = YES;
				CLANG_WARN_UNGUARDED_AVAILABILITY = YES_AGGRESSIVE;
				CLANG_WARN_UNREACHABLE_CODE = YES;
				CLANG_WARN__DUPLICATE_METHOD_MATCH = YES;
				COPY_PHASE_STRIP = NO;
				DEBUG_INFORMATION_FORMAT = "dwarf-with-dsym";
				ENABLE_NS_ASSERTIONS = NO;
				ENABLE_STRICT_OBJC_MSGSEND = YES;
				GCC_C_LANGUAGE_STANDARD = gnu11;
				GCC_NO_COMMON_BLOCKS = YES;
				GCC_WARN_64_TO_32_BIT_CONVERSION = YES;
				GCC_WARN_ABOUT_RETURN_TYPE = YES_ERROR;
				GCC_WARN_UNDECLARED_SELECTOR = YES;
				GCC_WARN_UNINITIALIZED_AUTOS = YES_AGGRESSIVE;
				GCC_WARN_UNUSED_FUNCTION = YES;
				GCC_WARN_UNUSED_VARIABLE = YES;
				IPHONEOS_DEPLOYMENT_TARGET = 16.4;
				MTL_ENABLE_DEBUG_INFO = NO;
				MTL_FAST_MATH = YES;
				SDKROOT = iphoneos;
				SWIFT_COMPILATION_MODE = wholemodule;
				SWIFT_OPTIMIZATION_LEVEL = "-O";
				VALIDATE_PRODUCT = YES;
			};
			name = Release;
		};
		306680F22A279DD500DD318A /* Debug */ = {
			isa = XCBuildConfiguration;
			buildSettings = {
				ASSETCATALOG_COMPILER_APPICON_NAME = AppIcon;
				ASSETCATALOG_COMPILER_GLOBAL_ACCENT_COLOR_NAME = AccentColor;
				CODE_SIGN_STYLE = Automatic;
				CURRENT_PROJECT_VERSION = 1;
				DEVELOPMENT_TEAM = 5F3426985K;
				GENERATE_INFOPLIST_FILE = YES;
				INFOPLIST_FILE = CardsApp/Info.plist;
				INFOPLIST_KEY_UIApplicationSupportsIndirectInputEvents = YES;
				INFOPLIST_KEY_UILaunchStoryboardName = LaunchScreen;
				INFOPLIST_KEY_UISupportedInterfaceOrientations_iPad = "UIInterfaceOrientationPortrait UIInterfaceOrientationPortraitUpsideDown UIInterfaceOrientationLandscapeLeft UIInterfaceOrientationLandscapeRight";
				INFOPLIST_KEY_UISupportedInterfaceOrientations_iPhone = "UIInterfaceOrientationPortrait UIInterfaceOrientationLandscapeLeft UIInterfaceOrientationLandscapeRight";
				LD_RUNPATH_SEARCH_PATHS = (
					"$(inherited)",
					"@executable_path/Frameworks",
				);
				MARKETING_VERSION = 1.0;
				PRODUCT_BUNDLE_IDENTIFIER = com.leandro.test.CardsApp;
				PRODUCT_NAME = "$(TARGET_NAME)";
				SWIFT_EMIT_LOC_STRINGS = YES;
				SWIFT_VERSION = 5.0;
				TARGETED_DEVICE_FAMILY = "1,2";
			};
			name = Debug;
		};
		306680F32A279DD500DD318A /* Release */ = {
			isa = XCBuildConfiguration;
			buildSettings = {
				ASSETCATALOG_COMPILER_APPICON_NAME = AppIcon;
				ASSETCATALOG_COMPILER_GLOBAL_ACCENT_COLOR_NAME = AccentColor;
				CODE_SIGN_STYLE = Automatic;
				CURRENT_PROJECT_VERSION = 1;
				DEVELOPMENT_TEAM = 5F3426985K;
				GENERATE_INFOPLIST_FILE = YES;
				INFOPLIST_FILE = CardsApp/Info.plist;
				INFOPLIST_KEY_UIApplicationSupportsIndirectInputEvents = YES;
				INFOPLIST_KEY_UILaunchStoryboardName = LaunchScreen;
				INFOPLIST_KEY_UISupportedInterfaceOrientations_iPad = "UIInterfaceOrientationPortrait UIInterfaceOrientationPortraitUpsideDown UIInterfaceOrientationLandscapeLeft UIInterfaceOrientationLandscapeRight";
				INFOPLIST_KEY_UISupportedInterfaceOrientations_iPhone = "UIInterfaceOrientationPortrait UIInterfaceOrientationLandscapeLeft UIInterfaceOrientationLandscapeRight";
				LD_RUNPATH_SEARCH_PATHS = (
					"$(inherited)",
					"@executable_path/Frameworks",
				);
				MARKETING_VERSION = 1.0;
				PRODUCT_BUNDLE_IDENTIFIER = com.leandro.test.CardsApp;
				PRODUCT_NAME = "$(TARGET_NAME)";
				SWIFT_EMIT_LOC_STRINGS = YES;
				SWIFT_VERSION = 5.0;
				TARGETED_DEVICE_FAMILY = "1,2";
			};
			name = Release;
		};
		306681162A2851D900DD318A /* Debug */ = {
			isa = XCBuildConfiguration;
			buildSettings = {
				BUNDLE_LOADER = "$(TEST_HOST)";
				CODE_SIGN_STYLE = Automatic;
				CURRENT_PROJECT_VERSION = 1;
				DEVELOPMENT_TEAM = 5F3426985K;
				GENERATE_INFOPLIST_FILE = YES;
				MARKETING_VERSION = 1.0;
				PRODUCT_BUNDLE_IDENTIFIER = com.leandro.test.CardsAppTests;
				PRODUCT_NAME = "$(TARGET_NAME)";
				SWIFT_EMIT_LOC_STRINGS = NO;
				SWIFT_VERSION = 5.0;
				TARGETED_DEVICE_FAMILY = "1,2";
				TEST_HOST = "$(BUILT_PRODUCTS_DIR)/CardsApp.app/$(BUNDLE_EXECUTABLE_FOLDER_PATH)/CardsApp";
			};
			name = Debug;
		};
		306681172A2851D900DD318A /* Release */ = {
			isa = XCBuildConfiguration;
			buildSettings = {
				BUNDLE_LOADER = "$(TEST_HOST)";
				CODE_SIGN_STYLE = Automatic;
				CURRENT_PROJECT_VERSION = 1;
				DEVELOPMENT_TEAM = 5F3426985K;
				GENERATE_INFOPLIST_FILE = YES;
				MARKETING_VERSION = 1.0;
				PRODUCT_BUNDLE_IDENTIFIER = com.leandro.test.CardsAppTests;
				PRODUCT_NAME = "$(TARGET_NAME)";
				SWIFT_EMIT_LOC_STRINGS = NO;
				SWIFT_VERSION = 5.0;
				TARGETED_DEVICE_FAMILY = "1,2";
				TEST_HOST = "$(BUILT_PRODUCTS_DIR)/CardsApp.app/$(BUNDLE_EXECUTABLE_FOLDER_PATH)/CardsApp";
			};
			name = Release;
		};
/* End XCBuildConfiguration section */

/* Begin XCConfigurationList section */
		306680D82A279DD300DD318A /* Build configuration list for PBXProject "CardsApp" */ = {
			isa = XCConfigurationList;
			buildConfigurations = (
				306680EF2A279DD500DD318A /* Debug */,
				306680F02A279DD500DD318A /* Release */,
			);
			defaultConfigurationIsVisible = 0;
			defaultConfigurationName = Release;
		};
		306680F12A279DD500DD318A /* Build configuration list for PBXNativeTarget "CardsApp" */ = {
			isa = XCConfigurationList;
			buildConfigurations = (
				306680F22A279DD500DD318A /* Debug */,
				306680F32A279DD500DD318A /* Release */,
			);
			defaultConfigurationIsVisible = 0;
			defaultConfigurationName = Release;
		};
		306681152A2851D900DD318A /* Build configuration list for PBXNativeTarget "CardsAppTests" */ = {
			isa = XCConfigurationList;
			buildConfigurations = (
				306681162A2851D900DD318A /* Debug */,
				306681172A2851D900DD318A /* Release */,
			);
			defaultConfigurationIsVisible = 0;
			defaultConfigurationName = Release;
		};
/* End XCConfigurationList section */
	};
	rootObject = 306680D52A279DD300DD318A /* Project object */;
}
